[{<<"goldrush">>,
  {git,"git://github.com/DeadZen/goldrush.git",
       {ref,"71e63212f12c25827e0c1b4198d37d5d018a7fec"}},
  1},
 {<<"riak_dt">>,
  {git,"git://github.com/basho/riak_dt.git",
       {ref,"a2986bccd1cc42facdfe739495c6d13762ae0f37"}},
  0},
 {<<"lager">>,
  {git,"git://github.com/basho/lager.git",
       {ref,"d33ccf3b69de09a628fe38b4d7981bb8671b8a4f"}},
  0},
 {<<"eleveldb">>,
  {git,"git://github.com/helium/eleveldb.git",
       {ref,"4e199ab1518060d348ae0f9719d2cbf9f098e00d"}},
  0}].
