[{<<"eleveldb">>,
  {git,"git://github.com/helium/eleveldb.git",
       {ref,"7ae3114306fe564152e245157cb38cf39b383995"}},
  0},
 {<<"goldrush">>,
  {git,"git://github.com/DeadZen/goldrush.git",
       {ref,"71e63212f12c25827e0c1b4198d37d5d018a7fec"}},
  1},
 {<<"lager">>,
  {git,"git://github.com/basho/lager.git",
       {ref,"d33ccf3b69de09a628fe38b4d7981bb8671b8a4f"}},
  0},
 {<<"lasp_support">>,
  {git,"git://github.com/lasp-lang/lasp_support.git",
       {ref,"f682f79801d3573db86bc55d849529a2a98edcfc"}},
  0},
 {<<"riak_dt">>,
  {git,"git://github.com/basho/riak_dt.git",
       {ref,"f7981d4ad7407ddc085f133f204dd71bf9d50c56"}},
  0},
 {<<"time_compat">>,
  {git,"git://github.com/lasp-lang/time_compat.git",
       {ref,"adfae4409187cc1a9f79028986e92e8730b5eda5"}},
  0}].
